<Solution>
  <Folder Name="/src/">
    <Project Path="src/Medhavi.Common/Medhavi.Common.fsproj" />
    <Project Path="src/Medhavi.Contracts/Medhavi.Contracts.fsproj" />
    <Project Path="src/Medhavi.Foundation/Medhavi.Foundation.fsproj" />
    <Project Path="src/Medhavi.Infrastructure/Medhavi.Infrastructure.fsproj" />
    <Project Path="src/Medhavi.SemanticModel/Medhavi.SemanticModel.fsproj" />
    <Project Path="src/Medhavi.SharedKernel/Medhavi.SharedKernel.fsproj" />
    <Project Path="src/Medhavi.Core/Medhavi.Core.fsproj" />
    <Project Path="src/Medhavi.Demand/Medhavi.Demand.fsproj" />
  </Folder>
</Solution>
